
Microsoft Visual Studio Solution File, Format Version 12.00
# Visual Studio Version 17
VisualStudioVersion = 17.2.32602.215
MinimumVisualStudioVersion = 10.0.40219.1
Project("{FAE04EC0-301F-11D3-BF4B-00C04F79EFBC}") = "Catalog", "Catalog.csproj", "{B9F7E615-387A-47E4-A097-7111EC8374E8}"
EndProject
Global
	GlobalSection(SolutionConfigurationPlatforms) = preSolution
		Debug|Any CPU = Debug|Any CPU
		Release|Any CPU = Release|Any CPU
	EndGlobalSection
	GlobalSection(ProjectConfigurationPlatforms) = postSolution
		{B9F7E615-387A-47E4-A097-7111EC8374E8}.Debug|Any CPU.ActiveCfg = Debug|Any CPU
		{B9F7E615-387A-47E4-A097-7111EC8374E8}.Debug|Any CPU.Build.0 = Debug|Any CPU
		{B9F7E615-387A-47E4-A097-7111EC8374E8}.Release|Any CPU.ActiveCfg = Release|Any CPU
		{B9F7E615-387A-47E4-A097-7111EC8374E8}.Release|Any CPU.Build.0 = Release|Any CPU
	EndGlobalSection
	GlobalSection(SolutionProperties) = preSolution
		HideSolutionNode = FALSE
	EndGlobalSection
	GlobalSection(ExtensibilityGlobals) = postSolution
		SolutionGuid = {693A0BCF-A676-4CE3-BA8C-D7B3766AB1B6}
	EndGlobalSection
EndGlobal
